
Microsoft Visual Studio Solution File, Format Version 12.00
# Visual Studio Version 17
VisualStudioVersion = 17.9.34728.123
MinimumVisualStudioVersion = 10.0.40219.1
Project("{9A19103F-16F7-4668-BE54-9A1E7A4F7556}") = "LogicaObligatorioP2", "..\LogicaObligatorioP2 De gregorio y Echenique\LogicaObligatorioP2.csproj", "{938F9800-CB44-446E-A742-26F91AB53E30}"
EndProject
Project("{9A19103F-16F7-4668-BE54-9A1E7A4F7556}") = "Interfaz ObligatorioP2 Echenique", "..\Interfaz ObligatorioP2 De Gregorio y Echenique\Interfaz ObligatorioP2 Echenique.csproj", "{76102211-4186-43A8-A7DC-39410E748E59}"
EndProject
Project("{9A19103F-16F7-4668-BE54-9A1E7A4F7556}") = "EstanciaWeb", "EstanciaWeb\EstanciaWeb.csproj", "{866A397F-A3AA-4FE8-A6EF-279A50804CD6}"
EndProject
Global
	GlobalSection(SolutionConfigurationPlatforms) = preSolution
		Debug|Any CPU = Debug|Any CPU
		Release|Any CPU = Release|Any CPU
	EndGlobalSection
	GlobalSection(ProjectConfigurationPlatforms) = postSolution
		{938F9800-CB44-446E-A742-26F91AB53E30}.Debug|Any CPU.ActiveCfg = Debug|Any CPU
		{938F9800-CB44-446E-A742-26F91AB53E30}.Debug|Any CPU.Build.0 = Debug|Any CPU
		{938F9800-CB44-446E-A742-26F91AB53E30}.Release|Any CPU.ActiveCfg = Release|Any CPU
		{938F9800-CB44-446E-A742-26F91AB53E30}.Release|Any CPU.Build.0 = Release|Any CPU
		{76102211-4186-43A8-A7DC-39410E748E59}.Debug|Any CPU.ActiveCfg = Debug|Any CPU
		{76102211-4186-43A8-A7DC-39410E748E59}.Debug|Any CPU.Build.0 = Debug|Any CPU
		{76102211-4186-43A8-A7DC-39410E748E59}.Release|Any CPU.ActiveCfg = Release|Any CPU
		{76102211-4186-43A8-A7DC-39410E748E59}.Release|Any CPU.Build.0 = Release|Any CPU
		{866A397F-A3AA-4FE8-A6EF-279A50804CD6}.Debug|Any CPU.ActiveCfg = Debug|Any CPU
		{866A397F-A3AA-4FE8-A6EF-279A50804CD6}.Debug|Any CPU.Build.0 = Debug|Any CPU
		{866A397F-A3AA-4FE8-A6EF-279A50804CD6}.Release|Any CPU.ActiveCfg = Release|Any CPU
		{866A397F-A3AA-4FE8-A6EF-279A50804CD6}.Release|Any CPU.Build.0 = Release|Any CPU
	EndGlobalSection
	GlobalSection(SolutionProperties) = preSolution
		HideSolutionNode = FALSE
	EndGlobalSection
	GlobalSection(ExtensibilityGlobals) = postSolution
		SolutionGuid = {021841BE-FA28-42DD-B4AB-E6C5C90CE910}
	EndGlobalSection
EndGlobal
